// !$*UTF8*$!
{
	archiveVersion = 1;
	classes = {
	};
	objectVersion = 55;
	objects = {

/* Begin PBXBuildFile section */
		52B6A416285F017600F83C11 /* AppDelegate.swift in Sources */ = {isa = PBXBuildFile; fileRef = 52B6A415285F017600F83C11 /* AppDelegate.swift */; };
		52B6A418285F017600F83C11 /* SceneDelegate.swift in Sources */ = {isa = PBXBuildFile; fileRef = 52B6A417285F017600F83C11 /* SceneDelegate.swift */; };
		52B6A41A285F017600F83C11 /* GameTabViewController.swift in Sources */ = {isa = PBXBuildFile; fileRef = 52B6A419285F017600F83C11 /* GameTabViewController.swift */; };
		52B6A41D285F017600F83C11 /* Main.storyboard in Resources */ = {isa = PBXBuildFile; fileRef = 52B6A41B285F017600F83C11 /* Main.storyboard */; };
		52B6A41F285F017B00F83C11 /* Assets.xcassets in Resources */ = {isa = PBXBuildFile; fileRef = 52B6A41E285F017B00F83C11 /* Assets.xcassets */; };
		52B6A422285F017B00F83C11 /* LaunchScreen.storyboard in Resources */ = {isa = PBXBuildFile; fileRef = 52B6A420285F017B00F83C11 /* LaunchScreen.storyboard */; };
		52CEE47E285F0A3F00265C2B /* BGView.swift in Sources */ = {isa = PBXBuildFile; fileRef = 52CEE47D285F0A3F00265C2B /* BGView.swift */; };
		52CEE482285F0B9F00265C2B /* Color.swift in Sources */ = {isa = PBXBuildFile; fileRef = 52CEE481285F0B9F00265C2B /* Color.swift */; };
		52CEE4842860335300265C2B /* TestTabViewController.swift in Sources */ = {isa = PBXBuildFile; fileRef = 52CEE4832860335300265C2B /* TestTabViewController.swift */; };
		52CEE4862860338300265C2B /* ConversationTabViewController.swift in Sources */ = {isa = PBXBuildFile; fileRef = 52CEE4852860338300265C2B /* ConversationTabViewController.swift */; };
		52CEE488286033B300265C2B /* MyPageTabViewController.swift in Sources */ = {isa = PBXBuildFile; fileRef = 52CEE487286033B300265C2B /* MyPageTabViewController.swift */; };
		52CEE4932860415900265C2B /* NotoSansKR-Bold.otf in Resources */ = {isa = PBXBuildFile; fileRef = 52CEE4902860415900265C2B /* NotoSansKR-Bold.otf */; };
		52CEE4942860415900265C2B /* NotoSansKR-Regular.otf in Resources */ = {isa = PBXBuildFile; fileRef = 52CEE4912860415900265C2B /* NotoSansKR-Regular.otf */; };
		52CEE4952860415900265C2B /* NotoSansKR-Medium.otf in Resources */ = {isa = PBXBuildFile; fileRef = 52CEE4922860415900265C2B /* NotoSansKR-Medium.otf */; };
		B841A933287E412600926AA2 /* Game.swift in Sources */ = {isa = PBXBuildFile; fileRef = B841A932287E412600926AA2 /* Game.swift */; };
		B841A93B287E813800926AA2 /* Conversation.swift in Sources */ = {isa = PBXBuildFile; fileRef = B841A93A287E813800926AA2 /* Conversation.swift */; };
		B841A943287E837600926AA2 /* ConversationTabViewCell.xib in Resources */ = {isa = PBXBuildFile; fileRef = B841A942287E837600926AA2 /* ConversationTabViewCell.xib */; };
		B841A94A287E909300926AA2 /* GameTabViewCell.swift in Sources */ = {isa = PBXBuildFile; fileRef = B841A948287E909200926AA2 /* GameTabViewCell.swift */; };
		B841A94B287E909300926AA2 /* GameTabViewCell.xib in Resources */ = {isa = PBXBuildFile; fileRef = B841A949287E909200926AA2 /* GameTabViewCell.xib */; };
		B841A94E287E973D00926AA2 /* TestTabViewCell.swift in Sources */ = {isa = PBXBuildFile; fileRef = B841A94C287E973D00926AA2 /* TestTabViewCell.swift */; };
		B841A94F287E973D00926AA2 /* TestTabViewCell.xib in Resources */ = {isa = PBXBuildFile; fileRef = B841A94D287E973D00926AA2 /* TestTabViewCell.xib */; };
		B841A951287E9BD300926AA2 /* ConversationTabViewCell.swift in Sources */ = {isa = PBXBuildFile; fileRef = B841A950287E9BD300926AA2 /* ConversationTabViewCell.swift */; };
		B8645E1F287C145E00D0BC0F /* Test.swift in Sources */ = {isa = PBXBuildFile; fileRef = B8645E1E287C145E00D0BC0F /* Test.swift */; };
/* End PBXBuildFile section */

/* Begin PBXFileReference section */
		52B6A412285F017600F83C11 /* HAY.app */ = {isa = PBXFileReference; explicitFileType = wrapper.application; includeInIndex = 0; path = HAY.app; sourceTree = BUILT_PRODUCTS_DIR; };
		52B6A415285F017600F83C11 /* AppDelegate.swift */ = {isa = PBXFileReference; lastKnownFileType = sourcecode.swift; path = AppDelegate.swift; sourceTree = "<group>"; };
		52B6A417285F017600F83C11 /* SceneDelegate.swift */ = {isa = PBXFileReference; lastKnownFileType = sourcecode.swift; path = SceneDelegate.swift; sourceTree = "<group>"; };
		52B6A419285F017600F83C11 /* GameTabViewController.swift */ = {isa = PBXFileReference; lastKnownFileType = sourcecode.swift; path = GameTabViewController.swift; sourceTree = "<group>"; };
		52B6A41C285F017600F83C11 /* Base */ = {isa = PBXFileReference; lastKnownFileType = file.storyboard; name = Base; path = Base.lproj/Main.storyboard; sourceTree = "<group>"; };
		52B6A41E285F017B00F83C11 /* Assets.xcassets */ = {isa = PBXFileReference; lastKnownFileType = folder.assetcatalog; path = Assets.xcassets; sourceTree = "<group>"; };
		52B6A421285F017B00F83C11 /* Base */ = {isa = PBXFileReference; lastKnownFileType = file.storyboard; name = Base; path = Base.lproj/LaunchScreen.storyboard; sourceTree = "<group>"; };
		52B6A423285F017B00F83C11 /* Info.plist */ = {isa = PBXFileReference; lastKnownFileType = text.plist.xml; path = Info.plist; sourceTree = "<group>"; };
		52CEE47D285F0A3F00265C2B /* BGView.swift */ = {isa = PBXFileReference; lastKnownFileType = sourcecode.swift; path = BGView.swift; sourceTree = "<group>"; };
		52CEE481285F0B9F00265C2B /* Color.swift */ = {isa = PBXFileReference; lastKnownFileType = sourcecode.swift; path = Color.swift; sourceTree = "<group>"; };
		52CEE4832860335300265C2B /* TestTabViewController.swift */ = {isa = PBXFileReference; lastKnownFileType = sourcecode.swift; path = TestTabViewController.swift; sourceTree = "<group>"; };
		52CEE4852860338300265C2B /* ConversationTabViewController.swift */ = {isa = PBXFileReference; lastKnownFileType = sourcecode.swift; path = ConversationTabViewController.swift; sourceTree = "<group>"; };
		52CEE487286033B300265C2B /* MyPageTabViewController.swift */ = {isa = PBXFileReference; lastKnownFileType = sourcecode.swift; path = MyPageTabViewController.swift; sourceTree = "<group>"; };
		52CEE4902860415900265C2B /* NotoSansKR-Bold.otf */ = {isa = PBXFileReference; lastKnownFileType = file; path = "NotoSansKR-Bold.otf"; sourceTree = "<group>"; };
		52CEE4912860415900265C2B /* NotoSansKR-Regular.otf */ = {isa = PBXFileReference; lastKnownFileType = file; path = "NotoSansKR-Regular.otf"; sourceTree = "<group>"; };
		52CEE4922860415900265C2B /* NotoSansKR-Medium.otf */ = {isa = PBXFileReference; lastKnownFileType = file; path = "NotoSansKR-Medium.otf"; sourceTree = "<group>"; };
		B841A932287E412600926AA2 /* Game.swift */ = {isa = PBXFileReference; lastKnownFileType = sourcecode.swift; path = Game.swift; sourceTree = "<group>"; };
		B841A93A287E813800926AA2 /* Conversation.swift */ = {isa = PBXFileReference; lastKnownFileType = sourcecode.swift; path = Conversation.swift; sourceTree = "<group>"; };
		B841A942287E837600926AA2 /* ConversationTabViewCell.xib */ = {isa = PBXFileReference; lastKnownFileType = file.xib; path = ConversationTabViewCell.xib; sourceTree = "<group>"; };
		B841A948287E909200926AA2 /* GameTabViewCell.swift */ = {isa = PBXFileReference; lastKnownFileType = sourcecode.swift; path = GameTabViewCell.swift; sourceTree = "<group>"; };
		B841A949287E909200926AA2 /* GameTabViewCell.xib */ = {isa = PBXFileReference; lastKnownFileType = file.xib; path = GameTabViewCell.xib; sourceTree = "<group>"; };
		B841A94C287E973D00926AA2 /* TestTabViewCell.swift */ = {isa = PBXFileReference; lastKnownFileType = sourcecode.swift; path = TestTabViewCell.swift; sourceTree = "<group>"; };
		B841A94D287E973D00926AA2 /* TestTabViewCell.xib */ = {isa = PBXFileReference; lastKnownFileType = file.xib; path = TestTabViewCell.xib; sourceTree = "<group>"; };
		B841A950287E9BD300926AA2 /* ConversationTabViewCell.swift */ = {isa = PBXFileReference; lastKnownFileType = sourcecode.swift; path = ConversationTabViewCell.swift; sourceTree = "<group>"; };
		B8645E1E287C145E00D0BC0F /* Test.swift */ = {isa = PBXFileReference; lastKnownFileType = sourcecode.swift; path = Test.swift; sourceTree = "<group>"; };
/* End PBXFileReference section */

/* Begin PBXFrameworksBuildPhase section */
		52B6A40F285F017600F83C11 /* Frameworks */ = {
			isa = PBXFrameworksBuildPhase;
			buildActionMask = 2147483647;
			files = (
			);
			runOnlyForDeploymentPostprocessing = 0;
		};
/* End PBXFrameworksBuildPhase section */

/* Begin PBXGroup section */
		52B6A409285F017600F83C11 = {
			isa = PBXGroup;
			children = (
				52B6A414285F017600F83C11 /* HAY */,
				52B6A413285F017600F83C11 /* Products */,
			);
			sourceTree = "<group>";
		};
		52B6A413285F017600F83C11 /* Products */ = {
			isa = PBXGroup;
			children = (
				52B6A412285F017600F83C11 /* HAY.app */,
			);
			name = Products;
			sourceTree = "<group>";
		};
		52B6A414285F017600F83C11 /* HAY */ = {
			isa = PBXGroup;
			children = (
				52CEE48F286040F800265C2B /* Fonts */,
				52CEE47F285F0AA300265C2B /* Extensions */,
				B8645E1D287C145000D0BC0F /* Models */,
				52B6A429285F02D300F83C11 /* Model */,
				B841A934287E427C00926AA2 /* View */,
				52B6A42B285F02E800F83C11 /* ViewController */,
				52B6A415285F017600F83C11 /* AppDelegate.swift */,
				52B6A417285F017600F83C11 /* SceneDelegate.swift */,
				52B6A41E285F017B00F83C11 /* Assets.xcassets */,
				52B6A420285F017B00F83C11 /* LaunchScreen.storyboard */,
				52B6A423285F017B00F83C11 /* Info.plist */,
			);
			path = HAY;
			sourceTree = "<group>";
		};
		52B6A429285F02D300F83C11 /* Model */ = {
			isa = PBXGroup;
			children = (
			);
			path = Model;
			sourceTree = "<group>";
		};
		52B6A42B285F02E800F83C11 /* ViewController */ = {
			isa = PBXGroup;
			children = (
				52CEE48D286034C000265C2B /* Conversation */,
				52CEE48B286034A300265C2B /* Game */,
				52CEE48C286034B500265C2B /* Test */,
				52CEE48E286034D300265C2B /* MyPage */,
			);
			path = ViewController;
			sourceTree = "<group>";
		};
		52CEE47F285F0AA300265C2B /* Extensions */ = {
			isa = PBXGroup;
			children = (
				52CEE47D285F0A3F00265C2B /* BGView.swift */,
				52CEE481285F0B9F00265C2B /* Color.swift */,
			);
			path = Extensions;
			sourceTree = "<group>";
		};
		52CEE48B286034A300265C2B /* Game */ = {
			isa = PBXGroup;
			children = (
				52B6A419285F017600F83C11 /* GameTabViewController.swift */,
			);
			path = Game;
			sourceTree = "<group>";
		};
		52CEE48C286034B500265C2B /* Test */ = {
			isa = PBXGroup;
			children = (
				52CEE4832860335300265C2B /* TestTabViewController.swift */,
			);
			path = Test;
			sourceTree = "<group>";
		};
		52CEE48D286034C000265C2B /* Conversation */ = {
			isa = PBXGroup;
			children = (
				52CEE4852860338300265C2B /* ConversationTabViewController.swift */,
			);
			path = Conversation;
			sourceTree = "<group>";
		};
		52CEE48E286034D300265C2B /* MyPage */ = {
			isa = PBXGroup;
			children = (
				52CEE487286033B300265C2B /* MyPageTabViewController.swift */,
			);
			path = MyPage;
			sourceTree = "<group>";
		};
		52CEE48F286040F800265C2B /* Fonts */ = {
			isa = PBXGroup;
			children = (
				52CEE4902860415900265C2B /* NotoSansKR-Bold.otf */,
				52CEE4922860415900265C2B /* NotoSansKR-Medium.otf */,
				52CEE4912860415900265C2B /* NotoSansKR-Regular.otf */,
			);
			path = Fonts;
			sourceTree = "<group>";
		};
		B841A934287E427C00926AA2 /* View */ = {
			isa = PBXGroup;
			children = (
				52B6A41B285F017600F83C11 /* Main.storyboard */,
				B841A941287E836200926AA2 /* Conversation */,
				B841A946287E903E00926AA2 /* Game */,
				B841A947287E904500926AA2 /* Test */,
			);
			path = View;
			sourceTree = "<group>";
		};
		B841A941287E836200926AA2 /* Conversation */ = {
			isa = PBXGroup;
			children = (
				B841A942287E837600926AA2 /* ConversationTabViewCell.xib */,
				B841A950287E9BD300926AA2 /* ConversationTabViewCell.swift */,
			);
			path = Conversation;
			sourceTree = "<group>";
		};
		B841A946287E903E00926AA2 /* Game */ = {
			isa = PBXGroup;
			children = (
				B841A948287E909200926AA2 /* GameTabViewCell.swift */,
				B841A949287E909200926AA2 /* GameTabViewCell.xib */,
			);
			path = Game;
			sourceTree = "<group>";
		};
		B841A947287E904500926AA2 /* Test */ = {
			isa = PBXGroup;
			children = (
				B841A94C287E973D00926AA2 /* TestTabViewCell.swift */,
				B841A94D287E973D00926AA2 /* TestTabViewCell.xib */,
			);
			path = Test;
			sourceTree = "<group>";
		};
		B8645E1D287C145000D0BC0F /* Models */ = {
			isa = PBXGroup;
			children = (
				B8645E1E287C145E00D0BC0F /* Test.swift */,
				B841A932287E412600926AA2 /* Game.swift */,
				B841A93A287E813800926AA2 /* Conversation.swift */,
			);
			path = Models;
			sourceTree = "<group>";
		};
/* End PBXGroup section */

/* Begin PBXNativeTarget section */
		52B6A411285F017600F83C11 /* HAY */ = {
			isa = PBXNativeTarget;
			buildConfigurationList = 52B6A426285F017B00F83C11 /* Build configuration list for PBXNativeTarget "HAY" */;
			buildPhases = (
				52B6A40E285F017600F83C11 /* Sources */,
				52B6A40F285F017600F83C11 /* Frameworks */,
				52B6A410285F017600F83C11 /* Resources */,
			);
			buildRules = (
			);
			dependencies = (
			);
			name = HAY;
			productName = HAY;
			productReference = 52B6A412285F017600F83C11 /* HAY.app */;
			productType = "com.apple.product-type.application";
		};
/* End PBXNativeTarget section */

/* Begin PBXProject section */
		52B6A40A285F017600F83C11 /* Project object */ = {
			isa = PBXProject;
			attributes = {
				BuildIndependentTargetsInParallel = 1;
				LastSwiftUpdateCheck = 1340;
				LastUpgradeCheck = 1340;
				TargetAttributes = {
					52B6A411285F017600F83C11 = {
						CreatedOnToolsVersion = 13.4;
					};
				};
			};
			buildConfigurationList = 52B6A40D285F017600F83C11 /* Build configuration list for PBXProject "HAY" */;
			compatibilityVersion = "Xcode 13.0";
			developmentRegion = en;
			hasScannedForEncodings = 0;
			knownRegions = (
				en,
				Base,
			);
			mainGroup = 52B6A409285F017600F83C11;
			productRefGroup = 52B6A413285F017600F83C11 /* Products */;
			projectDirPath = "";
			projectRoot = "";
			targets = (
				52B6A411285F017600F83C11 /* HAY */,
			);
		};
/* End PBXProject section */

/* Begin PBXResourcesBuildPhase section */
		52B6A410285F017600F83C11 /* Resources */ = {
			isa = PBXResourcesBuildPhase;
			buildActionMask = 2147483647;
			files = (
				52CEE4952860415900265C2B /* NotoSansKR-Medium.otf in Resources */,
				52B6A422285F017B00F83C11 /* LaunchScreen.storyboard in Resources */,
				B841A94F287E973D00926AA2 /* TestTabViewCell.xib in Resources */,
				52B6A41F285F017B00F83C11 /* Assets.xcassets in Resources */,
				52CEE4932860415900265C2B /* NotoSansKR-Bold.otf in Resources */,
				B841A943287E837600926AA2 /* ConversationTabViewCell.xib in Resources */,
				52B6A41D285F017600F83C11 /* Main.storyboard in Resources */,
				52CEE4942860415900265C2B /* NotoSansKR-Regular.otf in Resources */,
				B841A94B287E909300926AA2 /* GameTabViewCell.xib in Resources */,
			);
			runOnlyForDeploymentPostprocessing = 0;
		};
/* End PBXResourcesBuildPhase section */

/* Begin PBXSourcesBuildPhase section */
		52B6A40E285F017600F83C11 /* Sources */ = {
			isa = PBXSourcesBuildPhase;
			buildActionMask = 2147483647;
			files = (
				52CEE4842860335300265C2B /* TestTabViewController.swift in Sources */,
				B841A933287E412600926AA2 /* Game.swift in Sources */,
				B841A94A287E909300926AA2 /* GameTabViewCell.swift in Sources */,
				52CEE488286033B300265C2B /* MyPageTabViewController.swift in Sources */,
				B8645E1F287C145E00D0BC0F /* Test.swift in Sources */,
				52B6A41A285F017600F83C11 /* GameTabViewController.swift in Sources */,
				B841A93B287E813800926AA2 /* Conversation.swift in Sources */,
				52B6A416285F017600F83C11 /* AppDelegate.swift in Sources */,
				B841A94E287E973D00926AA2 /* TestTabViewCell.swift in Sources */,
				52B6A418285F017600F83C11 /* SceneDelegate.swift in Sources */,
				52CEE482285F0B9F00265C2B /* Color.swift in Sources */,
				52CEE47E285F0A3F00265C2B /* BGView.swift in Sources */,
				52CEE4862860338300265C2B /* ConversationTabViewController.swift in Sources */,
				B841A951287E9BD300926AA2 /* ConversationTabViewCell.swift in Sources */,
			);
			runOnlyForDeploymentPostprocessing = 0;
		};
/* End PBXSourcesBuildPhase section */

/* Begin PBXVariantGroup section */
		52B6A41B285F017600F83C11 /* Main.storyboard */ = {
			isa = PBXVariantGroup;
			children = (
				52B6A41C285F017600F83C11 /* Base */,
			);
			name = Main.storyboard;
			sourceTree = "<group>";
		};
		52B6A420285F017B00F83C11 /* LaunchScreen.storyboard */ = {
			isa = PBXVariantGroup;
			children = (
				52B6A421285F017B00F83C11 /* Base */,
			);
			name = LaunchScreen.storyboard;
			sourceTree = "<group>";
		};
/* End PBXVariantGroup section */

/* Begin XCBuildConfiguration section */
		52B6A424285F017B00F83C11 /* Debug */ = {
			isa = XCBuildConfiguration;
			buildSettings = {
				ALWAYS_SEARCH_USER_PATHS = NO;
				CLANG_ANALYZER_NONNULL = YES;
				CLANG_ANALYZER_NUMBER_OBJECT_CONVERSION = YES_AGGRESSIVE;
				CLANG_CXX_LANGUAGE_STANDARD = "gnu++17";
				CLANG_ENABLE_MODULES = YES;
				CLANG_ENABLE_OBJC_ARC = YES;
				CLANG_ENABLE_OBJC_WEAK = YES;
				CLANG_WARN_BLOCK_CAPTURE_AUTORELEASING = YES;
				CLANG_WARN_BOOL_CONVERSION = YES;
				CLANG_WARN_COMMA = YES;
				CLANG_WARN_CONSTANT_CONVERSION = YES;
				CLANG_WARN_DEPRECATED_OBJC_IMPLEMENTATIONS = YES;
				CLANG_WARN_DIRECT_OBJC_ISA_USAGE = YES_ERROR;
				CLANG_WARN_DOCUMENTATION_COMMENTS = YES;
				CLANG_WARN_EMPTY_BODY = YES;
				CLANG_WARN_ENUM_CONVERSION = YES;
				CLANG_WARN_INFINITE_RECURSION = YES;
				CLANG_WARN_INT_CONVERSION = YES;
				CLANG_WARN_NON_LITERAL_NULL_CONVERSION = YES;
				CLANG_WARN_OBJC_IMPLICIT_RETAIN_SELF = YES;
				CLANG_WARN_OBJC_LITERAL_CONVERSION = YES;
				CLANG_WARN_OBJC_ROOT_CLASS = YES_ERROR;
				CLANG_WARN_QUOTED_INCLUDE_IN_FRAMEWORK_HEADER = YES;
				CLANG_WARN_RANGE_LOOP_ANALYSIS = YES;
				CLANG_WARN_STRICT_PROTOTYPES = YES;
				CLANG_WARN_SUSPICIOUS_MOVE = YES;
				CLANG_WARN_UNGUARDED_AVAILABILITY = YES_AGGRESSIVE;
				CLANG_WARN_UNREACHABLE_CODE = YES;
				CLANG_WARN__DUPLICATE_METHOD_MATCH = YES;
				COPY_PHASE_STRIP = NO;
				DEBUG_INFORMATION_FORMAT = dwarf;
				ENABLE_STRICT_OBJC_MSGSEND = YES;
				ENABLE_TESTABILITY = YES;
				GCC_C_LANGUAGE_STANDARD = gnu11;
				GCC_DYNAMIC_NO_PIC = NO;
				GCC_NO_COMMON_BLOCKS = YES;
				GCC_OPTIMIZATION_LEVEL = 0;
				GCC_PREPROCESSOR_DEFINITIONS = (
					"DEBUG=1",
					"$(inherited)",
				);
				GCC_WARN_64_TO_32_BIT_CONVERSION = YES;
				GCC_WARN_ABOUT_RETURN_TYPE = YES_ERROR;
				GCC_WARN_UNDECLARED_SELECTOR = YES;
				GCC_WARN_UNINITIALIZED_AUTOS = YES_AGGRESSIVE;
				GCC_WARN_UNUSED_FUNCTION = YES;
				GCC_WARN_UNUSED_VARIABLE = YES;
				IPHONEOS_DEPLOYMENT_TARGET = 15.5;
				MTL_ENABLE_DEBUG_INFO = INCLUDE_SOURCE;
				MTL_FAST_MATH = YES;
				ONLY_ACTIVE_ARCH = YES;
				SDKROOT = iphoneos;
				SWIFT_ACTIVE_COMPILATION_CONDITIONS = DEBUG;
				SWIFT_OPTIMIZATION_LEVEL = "-Onone";
			};
			name = Debug;
		};
		52B6A425285F017B00F83C11 /* Release */ = {
			isa = XCBuildConfiguration;
			buildSettings = {
				ALWAYS_SEARCH_USER_PATHS = NO;
				CLANG_ANALYZER_NONNULL = YES;
				CLANG_ANALYZER_NUMBER_OBJECT_CONVERSION = YES_AGGRESSIVE;
				CLANG_CXX_LANGUAGE_STANDARD = "gnu++17";
				CLANG_ENABLE_MODULES = YES;
				CLANG_ENABLE_OBJC_ARC = YES;
				CLANG_ENABLE_OBJC_WEAK = YES;
				CLANG_WARN_BLOCK_CAPTURE_AUTORELEASING = YES;
				CLANG_WARN_BOOL_CONVERSION = YES;
				CLANG_WARN_COMMA = YES;
				CLANG_WARN_CONSTANT_CONVERSION = YES;
				CLANG_WARN_DEPRECATED_OBJC_IMPLEMENTATIONS = YES;
				CLANG_WARN_DIRECT_OBJC_ISA_USAGE = YES_ERROR;
				CLANG_WARN_DOCUMENTATION_COMMENTS = YES;
				CLANG_WARN_EMPTY_BODY = YES;
				CLANG_WARN_ENUM_CONVERSION = YES;
				CLANG_WARN_INFINITE_RECURSION = YES;
				CLANG_WARN_INT_CONVERSION = YES;
				CLANG_WARN_NON_LITERAL_NULL_CONVERSION = YES;
				CLANG_WARN_OBJC_IMPLICIT_RETAIN_SELF = YES;
				CLANG_WARN_OBJC_LITERAL_CONVERSION = YES;
				CLANG_WARN_OBJC_ROOT_CLASS = YES_ERROR;
				CLANG_WARN_QUOTED_INCLUDE_IN_FRAMEWORK_HEADER = YES;
				CLANG_WARN_RANGE_LOOP_ANALYSIS = YES;
				CLANG_WARN_STRICT_PROTOTYPES = YES;
				CLANG_WARN_SUSPICIOUS_MOVE = YES;
				CLANG_WARN_UNGUARDED_AVAILABILITY = YES_AGGRESSIVE;
				CLANG_WARN_UNREACHABLE_CODE = YES;
				CLANG_WARN__DUPLICATE_METHOD_MATCH = YES;
				COPY_PHASE_STRIP = NO;
				DEBUG_INFORMATION_FORMAT = "dwarf-with-dsym";
				ENABLE_NS_ASSERTIONS = NO;
				ENABLE_STRICT_OBJC_MSGSEND = YES;
				GCC_C_LANGUAGE_STANDARD = gnu11;
				GCC_NO_COMMON_BLOCKS = YES;
				GCC_WARN_64_TO_32_BIT_CONVERSION = YES;
				GCC_WARN_ABOUT_RETURN_TYPE = YES_ERROR;
				GCC_WARN_UNDECLARED_SELECTOR = YES;
				GCC_WARN_UNINITIALIZED_AUTOS = YES_AGGRESSIVE;
				GCC_WARN_UNUSED_FUNCTION = YES;
				GCC_WARN_UNUSED_VARIABLE = YES;
				IPHONEOS_DEPLOYMENT_TARGET = 15.5;
				MTL_ENABLE_DEBUG_INFO = NO;
				MTL_FAST_MATH = YES;
				SDKROOT = iphoneos;
				SWIFT_COMPILATION_MODE = wholemodule;
				SWIFT_OPTIMIZATION_LEVEL = "-O";
				VALIDATE_PRODUCT = YES;
			};
			name = Release;
		};
		52B6A427285F017B00F83C11 /* Debug */ = {
			isa = XCBuildConfiguration;
			buildSettings = {
				ASSETCATALOG_COMPILER_APPICON_NAME = AppIcon;
				ASSETCATALOG_COMPILER_GLOBAL_ACCENT_COLOR_NAME = AccentColor;
				CODE_SIGN_STYLE = Automatic;
				CURRENT_PROJECT_VERSION = 1;
				GENERATE_INFOPLIST_FILE = YES;
				INFOPLIST_FILE = HAY/Info.plist;
				INFOPLIST_KEY_UIApplicationSupportsIndirectInputEvents = YES;
				INFOPLIST_KEY_UILaunchStoryboardName = LaunchScreen;
				INFOPLIST_KEY_UIMainStoryboardFile = Main;
				INFOPLIST_KEY_UISupportedInterfaceOrientations_iPad = "UIInterfaceOrientationPortrait UIInterfaceOrientationPortraitUpsideDown UIInterfaceOrientationLandscapeLeft UIInterfaceOrientationLandscapeRight";
				INFOPLIST_KEY_UISupportedInterfaceOrientations_iPhone = "UIInterfaceOrientationPortrait UIInterfaceOrientationLandscapeLeft UIInterfaceOrientationLandscapeRight";
				IPHONEOS_DEPLOYMENT_TARGET = 15.2;
				LD_RUNPATH_SEARCH_PATHS = (
					"$(inherited)",
					"@executable_path/Frameworks",
				);
				MARKETING_VERSION = 1.0;
				PRODUCT_BUNDLE_IDENTIFIER = com.jjanggoo.HAY;
				PRODUCT_NAME = "$(TARGET_NAME)";
				SWIFT_EMIT_LOC_STRINGS = YES;
				SWIFT_VERSION = 5.0;
				TARGETED_DEVICE_FAMILY = "1,2";
			};
			name = Debug;
		};
		52B6A428285F017B00F83C11 /* Release */ = {
			isa = XCBuildConfiguration;
			buildSettings = {
				ASSETCATALOG_COMPILER_APPICON_NAME = AppIcon;
				ASSETCATALOG_COMPILER_GLOBAL_ACCENT_COLOR_NAME = AccentColor;
				CODE_SIGN_STYLE = Automatic;
				CURRENT_PROJECT_VERSION = 1;
				GENERATE_INFOPLIST_FILE = YES;
				INFOPLIST_FILE = HAY/Info.plist;
				INFOPLIST_KEY_UIApplicationSupportsIndirectInputEvents = YES;
				INFOPLIST_KEY_UILaunchStoryboardName = LaunchScreen;
				INFOPLIST_KEY_UIMainStoryboardFile = Main;
				INFOPLIST_KEY_UISupportedInterfaceOrientations_iPad = "UIInterfaceOrientationPortrait UIInterfaceOrientationPortraitUpsideDown UIInterfaceOrientationLandscapeLeft UIInterfaceOrientationLandscapeRight";
				INFOPLIST_KEY_UISupportedInterfaceOrientations_iPhone = "UIInterfaceOrientationPortrait UIInterfaceOrientationLandscapeLeft UIInterfaceOrientationLandscapeRight";
				IPHONEOS_DEPLOYMENT_TARGET = 15.2;
				LD_RUNPATH_SEARCH_PATHS = (
					"$(inherited)",
					"@executable_path/Frameworks",
				);
				MARKETING_VERSION = 1.0;
				PRODUCT_BUNDLE_IDENTIFIER = com.jjanggoo.HAY;
				PRODUCT_NAME = "$(TARGET_NAME)";
				SWIFT_EMIT_LOC_STRINGS = YES;
				SWIFT_VERSION = 5.0;
				TARGETED_DEVICE_FAMILY = "1,2";
			};
			name = Release;
		};
/* End XCBuildConfiguration section */

/* Begin XCConfigurationList section */
		52B6A40D285F017600F83C11 /* Build configuration list for PBXProject "HAY" */ = {
			isa = XCConfigurationList;
			buildConfigurations = (
				52B6A424285F017B00F83C11 /* Debug */,
				52B6A425285F017B00F83C11 /* Release */,
			);
			defaultConfigurationIsVisible = 0;
			defaultConfigurationName = Release;
		};
		52B6A426285F017B00F83C11 /* Build configuration list for PBXNativeTarget "HAY" */ = {
			isa = XCConfigurationList;
			buildConfigurations = (
				52B6A427285F017B00F83C11 /* Debug */,
				52B6A428285F017B00F83C11 /* Release */,
			);
			defaultConfigurationIsVisible = 0;
			defaultConfigurationName = Release;
		};
/* End XCConfigurationList section */
	};
	rootObject = 52B6A40A285F017600F83C11 /* Project object */;
}
